// !$*UTF8*$!
{
	archiveVersion = 1;
	classes = {
	};
	objectVersion = 46;
	objects = {

/* Begin PBXBuildFile section */
		AC2D76191E5BCBDD00B7F2BA /* foto3x4.png in Resources */ = {isa = PBXBuildFile; fileRef = AC2D76181E5BCBDD00B7F2BA /* foto3x4.png */; };
		AC9E96511E527A2600006B72 /* main.m in Sources */ = {isa = PBXBuildFile; fileRef = AC9E96501E527A2600006B72 /* main.m */; };
		AC9E96541E527A2600006B72 /* AppDelegate.m in Sources */ = {isa = PBXBuildFile; fileRef = AC9E96531E527A2600006B72 /* AppDelegate.m */; };
		AC9E96571E527A2600006B72 /* ViewController.m in Sources */ = {isa = PBXBuildFile; fileRef = AC9E96561E527A2600006B72 /* ViewController.m */; };
		AC9E965A1E527A2600006B72 /* Main.storyboard in Resources */ = {isa = PBXBuildFile; fileRef = AC9E96581E527A2600006B72 /* Main.storyboard */; };
		AC9E965C1E527A2600006B72 /* Assets.xcassets in Resources */ = {isa = PBXBuildFile; fileRef = AC9E965B1E527A2600006B72 /* Assets.xcassets */; };
		AC9E965F1E527A2600006B72 /* LaunchScreen.storyboard in Resources */ = {isa = PBXBuildFile; fileRef = AC9E965D1E527A2600006B72 /* LaunchScreen.storyboard */; };
/* End PBXBuildFile section */

/* Begin PBXFileReference section */
		AC2D76181E5BCBDD00B7F2BA /* foto3x4.png */ = {isa = PBXFileReference; lastKnownFileType = image.png; path = foto3x4.png; sourceTree = "<group>"; };
		AC9E964C1E527A2600006B72 /* Meus Dados.app */ = {isa = PBXFileReference; explicitFileType = wrapper.application; includeInIndex = 0; path = "Meus Dados.app"; sourceTree = BUILT_PRODUCTS_DIR; };
		AC9E96501E527A2600006B72 /* main.m */ = {isa = PBXFileReference; lastKnownFileType = sourcecode.c.objc; path = main.m; sourceTree = "<group>"; };
		AC9E96521E527A2600006B72 /* AppDelegate.h */ = {isa = PBXFileReference; lastKnownFileType = sourcecode.c.h; path = AppDelegate.h; sourceTree = "<group>"; };
		AC9E96531E527A2600006B72 /* AppDelegate.m */ = {isa = PBXFileReference; lastKnownFileType = sourcecode.c.objc; path = AppDelegate.m; sourceTree = "<group>"; };
		AC9E96551E527A2600006B72 /* ViewController.h */ = {isa = PBXFileReference; lastKnownFileType = sourcecode.c.h; path = ViewController.h; sourceTree = "<group>"; };
		AC9E96561E527A2600006B72 /* ViewController.m */ = {isa = PBXFileReference; lastKnownFileType = sourcecode.c.objc; path = ViewController.m; sourceTree = "<group>"; };
		AC9E96591E527A2600006B72 /* Base */ = {isa = PBXFileReference; lastKnownFileType = file.storyboard; name = Base; path = Base.lproj/Main.storyboard; sourceTree = "<group>"; };
		AC9E965B1E527A2600006B72 /* Assets.xcassets */ = {isa = PBXFileReference; lastKnownFileType = folder.assetcatalog; path = Assets.xcassets; sourceTree = "<group>"; };
		AC9E965E1E527A2600006B72 /* Base */ = {isa = PBXFileReference; lastKnownFileType = file.storyboard; name = Base; path = Base.lproj/LaunchScreen.storyboard; sourceTree = "<group>"; };
		AC9E96601E527A2600006B72 /* Info.plist */ = {isa = PBXFileReference; lastKnownFileType = text.plist.xml; path = Info.plist; sourceTree = "<group>"; };
/* End PBXFileReference section */

/* Begin PBXFrameworksBuildPhase section */
		AC9E96491E527A2600006B72 /* Frameworks */ = {
			isa = PBXFrameworksBuildPhase;
			buildActionMask = 2147483647;
			files = (
			);
			runOnlyForDeploymentPostprocessing = 0;
		};
/* End PBXFrameworksBuildPhase section */

/* Begin PBXGroup section */
		AC9E96431E527A2600006B72 = {
			isa = PBXGroup;
			children = (
				AC9E964E1E527A2600006B72 /* Meus Dados */,
				AC9E964D1E527A2600006B72 /* Products */,
			);
			sourceTree = "<group>";
		};
		AC9E964D1E527A2600006B72 /* Products */ = {
			isa = PBXGroup;
			children = (
				AC9E964C1E527A2600006B72 /* Meus Dados.app */,
			);
			name = Products;
			sourceTree = "<group>";
		};
		AC9E964E1E527A2600006B72 /* Meus Dados */ = {
			isa = PBXGroup;
			children = (
				AC9E96521E527A2600006B72 /* AppDelegate.h */,
				AC9E96531E527A2600006B72 /* AppDelegate.m */,
				AC9E96551E527A2600006B72 /* ViewController.h */,
				AC9E96561E527A2600006B72 /* ViewController.m */,
				AC9E96581E527A2600006B72 /* Main.storyboard */,
				AC9E965B1E527A2600006B72 /* Assets.xcassets */,
				AC9E965D1E527A2600006B72 /* LaunchScreen.storyboard */,
				AC2D76181E5BCBDD00B7F2BA /* foto3x4.png */,
				AC9E96601E527A2600006B72 /* Info.plist */,
				AC9E964F1E527A2600006B72 /* Supporting Files */,
			);
			path = "Meus Dados";
			sourceTree = "<group>";
		};
		AC9E964F1E527A2600006B72 /* Supporting Files */ = {
			isa = PBXGroup;
			children = (
				AC9E96501E527A2600006B72 /* main.m */,
			);
			name = "Supporting Files";
			sourceTree = "<group>";
		};
/* End PBXGroup section */

/* Begin PBXNativeTarget section */
		AC9E964B1E527A2600006B72 /* Meus Dados */ = {
			isa = PBXNativeTarget;
			buildConfigurationList = AC9E96631E527A2600006B72 /* Build configuration list for PBXNativeTarget "Meus Dados" */;
			buildPhases = (
				AC9E96481E527A2600006B72 /* Sources */,
				AC9E96491E527A2600006B72 /* Frameworks */,
				AC9E964A1E527A2600006B72 /* Resources */,
			);
			buildRules = (
			);
			dependencies = (
			);
			name = "Meus Dados";
			productName = "Meus Dados";
			productReference = AC9E964C1E527A2600006B72 /* Meus Dados.app */;
			productType = "com.apple.product-type.application";
		};
/* End PBXNativeTarget section */

/* Begin PBXProject section */
		AC9E96441E527A2600006B72 /* Project object */ = {
			isa = PBXProject;
			attributes = {
				LastUpgradeCheck = 0810;
				ORGANIZATIONNAME = "Joel Silva";
				TargetAttributes = {
					AC9E964B1E527A2600006B72 = {
						CreatedOnToolsVersion = 8.1;
						ProvisioningStyle = Automatic;
					};
				};
			};
			buildConfigurationList = AC9E96471E527A2600006B72 /* Build configuration list for PBXProject "Meus Dados" */;
			compatibilityVersion = "Xcode 3.2";
			developmentRegion = English;
			hasScannedForEncodings = 0;
			knownRegions = (
				en,
				Base,
			);
			mainGroup = AC9E96431E527A2600006B72;
			productRefGroup = AC9E964D1E527A2600006B72 /* Products */;
			projectDirPath = "";
			projectRoot = "";
			targets = (
				AC9E964B1E527A2600006B72 /* Meus Dados */,
			);
		};
/* End PBXProject section */

/* Begin PBXResourcesBuildPhase section */
		AC9E964A1E527A2600006B72 /* Resources */ = {
			isa = PBXResourcesBuildPhase;
			buildActionMask = 2147483647;
			files = (
				AC9E965F1E527A2600006B72 /* LaunchScreen.storyboard in Resources */,
				AC2D76191E5BCBDD00B7F2BA /* foto3x4.png in Resources */,
				AC9E965C1E527A2600006B72 /* Assets.xcassets in Resources */,
				AC9E965A1E527A2600006B72 /* Main.storyboard in Resources */,
			);
			runOnlyForDeploymentPostprocessing = 0;
		};
/* End PBXResourcesBuildPhase section */

/* Begin PBXSourcesBuildPhase section */
		AC9E96481E527A2600006B72 /* Sources */ = {
			isa = PBXSourcesBuildPhase;
			buildActionMask = 2147483647;
			files = (
				AC9E96571E527A2600006B72 /* ViewController.m in Sources */,
				AC9E96541E527A2600006B72 /* AppDelegate.m in Sources */,
				AC9E96511E527A2600006B72 /* main.m in Sources */,
			);
			runOnlyForDeploymentPostprocessing = 0;
		};
/* End PBXSourcesBuildPhase section */

/* Begin PBXVariantGroup section */
		AC9E96581E527A2600006B72 /* Main.storyboard */ = {
			isa = PBXVariantGroup;
			children = (
				AC9E96591E527A2600006B72 /* Base */,
			);
			name = Main.storyboard;
			sourceTree = "<group>";
		};
		AC9E965D1E527A2600006B72 /* LaunchScreen.storyboard */ = {
			isa = PBXVariantGroup;
			children = (
				AC9E965E1E527A2600006B72 /* Base */,
			);
			name = LaunchScreen.storyboard;
			sourceTree = "<group>";
		};
/* End PBXVariantGroup section */

/* Begin XCBuildConfiguration section */
		AC9E96611E527A2600006B72 /* Debug */ = {
			isa = XCBuildConfiguration;
			buildSettings = {
				ALWAYS_SEARCH_USER_PATHS = NO;
				CLANG_ANALYZER_NONNULL = YES;
				CLANG_CXX_LANGUAGE_STANDARD = "gnu++0x";
				CLANG_CXX_LIBRARY = "libc++";
				CLANG_ENABLE_MODULES = YES;
				CLANG_ENABLE_OBJC_ARC = YES;
				CLANG_WARN_BOOL_CONVERSION = YES;
				CLANG_WARN_CONSTANT_CONVERSION = YES;
				CLANG_WARN_DIRECT_OBJC_ISA_USAGE = YES_ERROR;
				CLANG_WARN_DOCUMENTATION_COMMENTS = YES;
				CLANG_WARN_EMPTY_BODY = YES;
				CLANG_WARN_ENUM_CONVERSION = YES;
				CLANG_WARN_INFINITE_RECURSION = YES;
				CLANG_WARN_INT_CONVERSION = YES;
				CLANG_WARN_OBJC_ROOT_CLASS = YES_ERROR;
				CLANG_WARN_SUSPICIOUS_MOVES = YES;
				CLANG_WARN_UNREACHABLE_CODE = YES;
				CLANG_WARN__DUPLICATE_METHOD_MATCH = YES;
				"CODE_SIGN_IDENTITY[sdk=iphoneos*]" = "iPhone Developer";
				COPY_PHASE_STRIP = NO;
				DEBUG_INFORMATION_FORMAT = dwarf;
				ENABLE_STRICT_OBJC_MSGSEND = YES;
				ENABLE_TESTABILITY = YES;
				GCC_C_LANGUAGE_STANDARD = gnu99;
				GCC_DYNAMIC_NO_PIC = NO;
				GCC_NO_COMMON_BLOCKS = YES;
				GCC_OPTIMIZATION_LEVEL = 0;
				GCC_PREPROCESSOR_DEFINITIONS = (
					"DEBUG=1",
					"$(inherited)",
				);
				GCC_WARN_64_TO_32_BIT_CONVERSION = YES;
				GCC_WARN_ABOUT_RETURN_TYPE = YES_ERROR;
				GCC_WARN_UNDECLARED_SELECTOR = YES;
				GCC_WARN_UNINITIALIZED_AUTOS = YES_AGGRESSIVE;
				GCC_WARN_UNUSED_FUNCTION = YES;
				GCC_WARN_UNUSED_VARIABLE = YES;
				IPHONEOS_DEPLOYMENT_TARGET = 10.1;
				MTL_ENABLE_DEBUG_INFO = YES;
				ONLY_ACTIVE_ARCH = YES;
				SDKROOT = iphoneos;
			};
			name = Debug;
		};
		AC9E96621E527A2600006B72 /* Release */ = {
			isa = XCBuildConfiguration;
			buildSettings = {
				ALWAYS_SEARCH_USER_PATHS = NO;
				CLANG_ANALYZER_NONNULL = YES;
				CLANG_CXX_LANGUAGE_STANDARD = "gnu++0x";
				CLANG_CXX_LIBRARY = "libc++";
				CLANG_ENABLE_MODULES = YES;
				CLANG_ENABLE_OBJC_ARC = YES;
				CLANG_WARN_BOOL_CONVERSION = YES;
				CLANG_WARN_CONSTANT_CONVERSION = YES;
				CLANG_WARN_DIRECT_OBJC_ISA_USAGE = YES_ERROR;
				CLANG_WARN_DOCUMENTATION_COMMENTS = YES;
				CLANG_WARN_EMPTY_BODY = YES;
				CLANG_WARN_ENUM_CONVERSION = YES;
				CLANG_WARN_INFINITE_RECURSION = YES;
				CLANG_WARN_INT_CONVERSION = YES;
				CLANG_WARN_OBJC_ROOT_CLASS = YES_ERROR;
				CLANG_WARN_SUSPICIOUS_MOVES = YES;
				CLANG_WARN_UNREACHABLE_CODE = YES;
				CLANG_WARN__DUPLICATE_METHOD_MATCH = YES;
				"CODE_SIGN_IDENTITY[sdk=iphoneos*]" = "iPhone Developer";
				COPY_PHASE_STRIP = NO;
				DEBUG_INFORMATION_FORMAT = "dwarf-with-dsym";
				ENABLE_NS_ASSERTIONS = NO;
				ENABLE_STRICT_OBJC_MSGSEND = YES;
				GCC_C_LANGUAGE_STANDARD = gnu99;
				GCC_NO_COMMON_BLOCKS = YES;
				GCC_WARN_64_TO_32_BIT_CONVERSION = YES;
				GCC_WARN_ABOUT_RETURN_TYPE = YES_ERROR;
				GCC_WARN_UNDECLARED_SELECTOR = YES;
				GCC_WARN_UNINITIALIZED_AUTOS = YES_AGGRESSIVE;
				GCC_WARN_UNUSED_FUNCTION = YES;
				GCC_WARN_UNUSED_VARIABLE = YES;
				IPHONEOS_DEPLOYMENT_TARGET = 10.1;
				MTL_ENABLE_DEBUG_INFO = NO;
				SDKROOT = iphoneos;
				VALIDATE_PRODUCT = YES;
			};
			name = Release;
		};
		AC9E96641E527A2600006B72 /* Debug */ = {
			isa = XCBuildConfiguration;
			buildSettings = {
				ASSETCATALOG_COMPILER_APPICON_NAME = AppIcon;
				ASSETCATALOG_COMPILER_LAUNCHIMAGE_NAME = LaunchImage;
				INFOPLIST_FILE = "Meus Dados/Info.plist";
				LD_RUNPATH_SEARCH_PATHS = "$(inherited) @executable_path/Frameworks";
				PRODUCT_BUNDLE_IDENTIFIER = "com.joel.Meus-Dados";
				PRODUCT_NAME = "$(TARGET_NAME)";
			};
			name = Debug;
		};
		AC9E96651E527A2600006B72 /* Release */ = {
			isa = XCBuildConfiguration;
			buildSettings = {
				ASSETCATALOG_COMPILER_APPICON_NAME = AppIcon;
				ASSETCATALOG_COMPILER_LAUNCHIMAGE_NAME = LaunchImage;
				INFOPLIST_FILE = "Meus Dados/Info.plist";
				LD_RUNPATH_SEARCH_PATHS = "$(inherited) @executable_path/Frameworks";
				PRODUCT_BUNDLE_IDENTIFIER = "com.joel.Meus-Dados";
				PRODUCT_NAME = "$(TARGET_NAME)";
			};
			name = Release;
		};
/* End XCBuildConfiguration section */

/* Begin XCConfigurationList section */
		AC9E96471E527A2600006B72 /* Build configuration list for PBXProject "Meus Dados" */ = {
			isa = XCConfigurationList;
			buildConfigurations = (
				AC9E96611E527A2600006B72 /* Debug */,
				AC9E96621E527A2600006B72 /* Release */,
			);
			defaultConfigurationIsVisible = 0;
			defaultConfigurationName = Release;
		};
		AC9E96631E527A2600006B72 /* Build configuration list for PBXNativeTarget "Meus Dados" */ = {
			isa = XCConfigurationList;
			buildConfigurations = (
				AC9E96641E527A2600006B72 /* Debug */,
				AC9E96651E527A2600006B72 /* Release */,
			);
			defaultConfigurationIsVisible = 0;
			defaultConfigurationName = Release;
		};
/* End XCConfigurationList section */
	};
	rootObject = AC9E96441E527A2600006B72 /* Project object */;
}
